
Microsoft Visual Studio Solution File, Format Version 12.00
# Visual Studio Version 16
VisualStudioVersion = 16.0.30503.244
MinimumVisualStudioVersion = 10.0.40219.1
Project("{FAE04EC0-301F-11D3-BF4B-00C04F79EFBC}") = "L2_Q4", "L2_Q4\L2_Q4.csproj", "{44655991-023E-45D2-95A1-785AB2121F3C}"
EndProject
Global
	GlobalSection(SolutionConfigurationPlatforms) = preSolution
		Debug|Any CPU = Debug|Any CPU
		Release|Any CPU = Release|Any CPU
	EndGlobalSection
	GlobalSection(ProjectConfigurationPlatforms) = postSolution
		{44655991-023E-45D2-95A1-785AB2121F3C}.Debug|Any CPU.ActiveCfg = Debug|Any CPU
		{44655991-023E-45D2-95A1-785AB2121F3C}.Debug|Any CPU.Build.0 = Debug|Any CPU
		{44655991-023E-45D2-95A1-785AB2121F3C}.Release|Any CPU.ActiveCfg = Release|Any CPU
		{44655991-023E-45D2-95A1-785AB2121F3C}.Release|Any CPU.Build.0 = Release|Any CPU
	EndGlobalSection
	GlobalSection(SolutionProperties) = preSolution
		HideSolutionNode = FALSE
	EndGlobalSection
	GlobalSection(ExtensibilityGlobals) = postSolution
		SolutionGuid = {6AE67E9D-01B9-470D-8725-AE03F8294DD2}
	EndGlobalSection
EndGlobal
